{
  "name": "utilities",
  "version": "1.0.0",
  "lockfileVersion": 1,
  "requires": true,
  "dependencies": {
    "zustand": {
      "version": "3.0.2",
      "resolved": "https://registry.npmjs.org/zustand/-/zustand-3.0.2.tgz",
      "integrity": "sha512-Vrj1qomDlkcQOrTCda7b1GPJcYuLU+EOgKHQwllgeGABrwm8FmauNFETrhqDjcB2esnusHPEKvDCqpJffl1igA=="
    }
  }
}
